
Microsoft Visual Studio Solution File, Format Version 12.00
# Visual Studio Version 17
VisualStudioVersion = 17.3.32922.545
MinimumVisualStudioVersion = 10.0.40219.1
Project("{FAE04EC0-301F-11D3-BF4B-00C04F79EFBC}") = "CloudeaHome", "CloudeaHome.csproj", "{F1C83712-0BDE-493E-8088-F3C993C60C90}"
EndProject
Global
	GlobalSection(SolutionConfigurationPlatforms) = preSolution
		Debug|Any CPU = Debug|Any CPU
		Release|Any CPU = Release|Any CPU
	EndGlobalSection
	GlobalSection(ProjectConfigurationPlatforms) = postSolution
		{F1C83712-0BDE-493E-8088-F3C993C60C90}.Debug|Any CPU.ActiveCfg = Debug|Any CPU
		{F1C83712-0BDE-493E-8088-F3C993C60C90}.Debug|Any CPU.Build.0 = Debug|Any CPU
		{F1C83712-0BDE-493E-8088-F3C993C60C90}.Release|Any CPU.ActiveCfg = Release|Any CPU
		{F1C83712-0BDE-493E-8088-F3C993C60C90}.Release|Any CPU.Build.0 = Release|Any CPU
	EndGlobalSection
	GlobalSection(SolutionProperties) = preSolution
		HideSolutionNode = FALSE
	EndGlobalSection
	GlobalSection(ExtensibilityGlobals) = postSolution
		SolutionGuid = {6FDF89AB-FEF8-42FE-A304-42576EE076A5}
	EndGlobalSection
EndGlobal
